
Microsoft Visual Studio Solution File, Format Version 12.00
# Visual Studio Version 17
VisualStudioVersion = 17.14.37216.2 d17.14
MinimumVisualStudioVersion = 10.0.40219.1
Project("{8BC9CEB8-8B4A-11D0-8D11-00A0C91BC942}") = "2.20Oppie1AsgnNIncrmntOperLJLNts", "2.20Oppie1AsgnNIncrmntOperLJLNts\2.20Oppie1AsgnNIncrmntOperLJLNts.vcxproj", "{52CC79D9-8D90-4497-A38C-DF480DF600B9}"
EndProject
Global
	GlobalSection(SolutionConfigurationPlatforms) = preSolution
		Debug|x64 = Debug|x64
		Debug|x86 = Debug|x86
		Release|x64 = Release|x64
		Release|x86 = Release|x86
	EndGlobalSection
	GlobalSection(ProjectConfigurationPlatforms) = postSolution
		{52CC79D9-8D90-4497-A38C-DF480DF600B9}.Debug|x64.ActiveCfg = Debug|x64
		{52CC79D9-8D90-4497-A38C-DF480DF600B9}.Debug|x64.Build.0 = Debug|x64
		{52CC79D9-8D90-4497-A38C-DF480DF600B9}.Debug|x86.ActiveCfg = Debug|Win32
		{52CC79D9-8D90-4497-A38C-DF480DF600B9}.Debug|x86.Build.0 = Debug|Win32
		{52CC79D9-8D90-4497-A38C-DF480DF600B9}.Release|x64.ActiveCfg = Release|x64
		{52CC79D9-8D90-4497-A38C-DF480DF600B9}.Release|x64.Build.0 = Release|x64
		{52CC79D9-8D90-4497-A38C-DF480DF600B9}.Release|x86.ActiveCfg = Release|Win32
		{52CC79D9-8D90-4497-A38C-DF480DF600B9}.Release|x86.Build.0 = Release|Win32
	EndGlobalSection
	GlobalSection(SolutionProperties) = preSolution
		HideSolutionNode = FALSE
	EndGlobalSection
	GlobalSection(ExtensibilityGlobals) = postSolution
		SolutionGuid = {C92FF8FD-F1B0-4A4C-839F-1A2ABF2E2B2F}
	EndGlobalSection
EndGlobal
