
Microsoft Visual Studio Solution File, Format Version 12.00
# Visual Studio Version 17
VisualStudioVersion = 17.14.36717.8 d17.14
MinimumVisualStudioVersion = 10.0.40219.1
Project("{8BC9CEB8-8B4A-11D0-8D11-00A0C91BC942}") = "2.1Oppie1IntroClasesNObjsPmpBraks", "2.1Oppie1IntroClasesNObjsPmpBraks\2.1Oppie1IntroClasesNObjsPmpBraks.vcxproj", "{49801942-BD81-45ED-9B0A-E7A4AF3F2F49}"
EndProject
Global
	GlobalSection(SolutionConfigurationPlatforms) = preSolution
		Debug|x64 = Debug|x64
		Debug|x86 = Debug|x86
		Release|x64 = Release|x64
		Release|x86 = Release|x86
	EndGlobalSection
	GlobalSection(ProjectConfigurationPlatforms) = postSolution
		{49801942-BD81-45ED-9B0A-E7A4AF3F2F49}.Debug|x64.ActiveCfg = Debug|x64
		{49801942-BD81-45ED-9B0A-E7A4AF3F2F49}.Debug|x64.Build.0 = Debug|x64
		{49801942-BD81-45ED-9B0A-E7A4AF3F2F49}.Debug|x86.ActiveCfg = Debug|Win32
		{49801942-BD81-45ED-9B0A-E7A4AF3F2F49}.Debug|x86.Build.0 = Debug|Win32
		{49801942-BD81-45ED-9B0A-E7A4AF3F2F49}.Release|x64.ActiveCfg = Release|x64
		{49801942-BD81-45ED-9B0A-E7A4AF3F2F49}.Release|x64.Build.0 = Release|x64
		{49801942-BD81-45ED-9B0A-E7A4AF3F2F49}.Release|x86.ActiveCfg = Release|Win32
		{49801942-BD81-45ED-9B0A-E7A4AF3F2F49}.Release|x86.Build.0 = Release|Win32
	EndGlobalSection
	GlobalSection(SolutionProperties) = preSolution
		HideSolutionNode = FALSE
	EndGlobalSection
	GlobalSection(ExtensibilityGlobals) = postSolution
		SolutionGuid = {6D8A1683-D03C-481A-B9AE-E0247B146C83}
	EndGlobalSection
EndGlobal
